<Solution>
  <Project Path="Source/ProcessadorComprovantes.Application/ProcessadorComprovantes.Application.csproj" />
  <Project Path="Source/ProcessadorComprovantes.Domain/ProcessadorComprovantes.Domain.csproj" />
  <Project Path="Source/ProcessadorComprovantes.GerenciadorComprovante/ProcessadorComprovantes.GerenciadorComprovante.csproj" />
  <Project Path="Source/ProcessadorComprovantes.Infra.Ioc/ProcessadorComprovantes.Infra.Ioc.csproj" />
  <Project Path="Source/ProcessadorComprovantes.Infrastructure/ProcessadorComprovantes.Infrastructure.csproj" />
</Solution>
